
Microsoft Visual Studio Solution File, Format Version 12.00
# Visual Studio Version 17
VisualStudioVersion = 17.8.34511.84
MinimumVisualStudioVersion = 10.0.40219.1
Project("{FAE04EC0-301F-11D3-BF4B-00C04F79EFBC}") = "FacadeRepairLibrary", "FacadeRepairLibrary\FacadeRepairLibrary.csproj", "{21D31CBF-9C74-402D-BB2E-91ADC7DAA22C}"
EndProject
Project("{FAE04EC0-301F-11D3-BF4B-00C04F79EFBC}") = "FacadeRepairUI", "FacadeRepairUI\FacadeRepairUI.csproj", "{012831D6-E037-4DA5-8D8C-0F263DF30918}"
EndProject
Global
	GlobalSection(SolutionConfigurationPlatforms) = preSolution
		Debug|Any CPU = Debug|Any CPU
		Release|Any CPU = Release|Any CPU
	EndGlobalSection
	GlobalSection(ProjectConfigurationPlatforms) = postSolution
		{21D31CBF-9C74-402D-BB2E-91ADC7DAA22C}.Debug|Any CPU.ActiveCfg = Debug|Any CPU
		{21D31CBF-9C74-402D-BB2E-91ADC7DAA22C}.Debug|Any CPU.Build.0 = Debug|Any CPU
		{21D31CBF-9C74-402D-BB2E-91ADC7DAA22C}.Release|Any CPU.ActiveCfg = Release|Any CPU
		{21D31CBF-9C74-402D-BB2E-91ADC7DAA22C}.Release|Any CPU.Build.0 = Release|Any CPU
		{012831D6-E037-4DA5-8D8C-0F263DF30918}.Debug|Any CPU.ActiveCfg = Debug|Any CPU
		{012831D6-E037-4DA5-8D8C-0F263DF30918}.Debug|Any CPU.Build.0 = Debug|Any CPU
		{012831D6-E037-4DA5-8D8C-0F263DF30918}.Release|Any CPU.ActiveCfg = Release|Any CPU
		{012831D6-E037-4DA5-8D8C-0F263DF30918}.Release|Any CPU.Build.0 = Release|Any CPU
	EndGlobalSection
	GlobalSection(SolutionProperties) = preSolution
		HideSolutionNode = FALSE
	EndGlobalSection
	GlobalSection(ExtensibilityGlobals) = postSolution
		SolutionGuid = {7CB88187-DC6B-4926-A798-716DB5DFB6FC}
	EndGlobalSection
EndGlobal
